
Microsoft Visual Studio Solution File, Format Version 12.00
# Visual Studio 14
VisualStudioVersion = 14.0.25420.1
MinimumVisualStudioVersion = 10.0.40219.1
Project("{2150E333-8FDC-42A3-9474-1A3956D46DE8}") = "Repository", "Repository", "{4FB259C4-8A05-41D0-927F-83F207C3A2FB}"
EndProject
Project("{2150E333-8FDC-42A3-9474-1A3956D46DE8}") = "Web", "Web", "{5E11B777-6AFE-4F25-A6FE-F0686C09175B}"
EndProject
Project("{FAE04EC0-301F-11D3-BF4B-00C04F79EFBC}") = "Project.Repository", "Project.Repository\Project.Repository.csproj", "{74D42566-DB68-49B5-A3DA-13BC11162909}"
EndProject
Project("{FAE04EC0-301F-11D3-BF4B-00C04F79EFBC}") = "Project.Web", "Project.Web\Project.Web.csproj", "{4E885C58-A777-4464-ABA9-363277987BAE}"
EndProject
Global
	GlobalSection(SolutionConfigurationPlatforms) = preSolution
		Debug|Any CPU = Debug|Any CPU
		Release|Any CPU = Release|Any CPU
	EndGlobalSection
	GlobalSection(ProjectConfigurationPlatforms) = postSolution
		{74D42566-DB68-49B5-A3DA-13BC11162909}.Debug|Any CPU.ActiveCfg = Debug|Any CPU
		{74D42566-DB68-49B5-A3DA-13BC11162909}.Debug|Any CPU.Build.0 = Debug|Any CPU
		{74D42566-DB68-49B5-A3DA-13BC11162909}.Release|Any CPU.ActiveCfg = Release|Any CPU
		{74D42566-DB68-49B5-A3DA-13BC11162909}.Release|Any CPU.Build.0 = Release|Any CPU
		{4E885C58-A777-4464-ABA9-363277987BAE}.Debug|Any CPU.ActiveCfg = Debug|Any CPU
		{4E885C58-A777-4464-ABA9-363277987BAE}.Debug|Any CPU.Build.0 = Debug|Any CPU
		{4E885C58-A777-4464-ABA9-363277987BAE}.Release|Any CPU.ActiveCfg = Release|Any CPU
		{4E885C58-A777-4464-ABA9-363277987BAE}.Release|Any CPU.Build.0 = Release|Any CPU
	EndGlobalSection
	GlobalSection(SolutionProperties) = preSolution
		HideSolutionNode = FALSE
	EndGlobalSection
	GlobalSection(NestedProjects) = preSolution
		{74D42566-DB68-49B5-A3DA-13BC11162909} = {4FB259C4-8A05-41D0-927F-83F207C3A2FB}
		{4E885C58-A777-4464-ABA9-363277987BAE} = {5E11B777-6AFE-4F25-A6FE-F0686C09175B}
	EndGlobalSection
EndGlobal
